// !$*UTF8*$!
{
	archiveVersion = 1;
	classes = {
	};
	objectVersion = 48;
	objects = {

/* Begin PBXBuildFile section */
		D9783F63206E1AA9002ACEBF /* AppDelegate.m in Sources */ = {isa = PBXBuildFile; fileRef = D9783F62206E1AA9002ACEBF /* AppDelegate.m */; };
		D9783F66206E1AA9002ACEBF /* ViewController.m in Sources */ = {isa = PBXBuildFile; fileRef = D9783F65206E1AA9002ACEBF /* ViewController.m */; };
		D9783F69206E1AA9002ACEBF /* Main.storyboard in Resources */ = {isa = PBXBuildFile; fileRef = D9783F67206E1AA9002ACEBF /* Main.storyboard */; };
		D9783F6B206E1AA9002ACEBF /* Assets.xcassets in Resources */ = {isa = PBXBuildFile; fileRef = D9783F6A206E1AA9002ACEBF /* Assets.xcassets */; };
		D9783F6E206E1AA9002ACEBF /* LaunchScreen.storyboard in Resources */ = {isa = PBXBuildFile; fileRef = D9783F6C206E1AA9002ACEBF /* LaunchScreen.storyboard */; };
		D9783F71206E1AA9002ACEBF /* main.m in Sources */ = {isa = PBXBuildFile; fileRef = D9783F70206E1AA9002ACEBF /* main.m */; };
/* End PBXBuildFile section */

/* Begin PBXFileReference section */
		D9783F5E206E1AA9002ACEBF /* IrregularLabel.app */ = {isa = PBXFileReference; explicitFileType = wrapper.application; includeInIndex = 0; path = IrregularLabel.app; sourceTree = BUILT_PRODUCTS_DIR; };
		D9783F61206E1AA9002ACEBF /* AppDelegate.h */ = {isa = PBXFileReference; lastKnownFileType = sourcecode.c.h; path = AppDelegate.h; sourceTree = "<group>"; };
		D9783F62206E1AA9002ACEBF /* AppDelegate.m */ = {isa = PBXFileReference; lastKnownFileType = sourcecode.c.objc; path = AppDelegate.m; sourceTree = "<group>"; };
		D9783F64206E1AA9002ACEBF /* ViewController.h */ = {isa = PBXFileReference; lastKnownFileType = sourcecode.c.h; path = ViewController.h; sourceTree = "<group>"; };
		D9783F65206E1AA9002ACEBF /* ViewController.m */ = {isa = PBXFileReference; lastKnownFileType = sourcecode.c.objc; path = ViewController.m; sourceTree = "<group>"; };
		D9783F68206E1AA9002ACEBF /* Base */ = {isa = PBXFileReference; lastKnownFileType = file.storyboard; name = Base; path = Base.lproj/Main.storyboard; sourceTree = "<group>"; };
		D9783F6A206E1AA9002ACEBF /* Assets.xcassets */ = {isa = PBXFileReference; lastKnownFileType = folder.assetcatalog; path = Assets.xcassets; sourceTree = "<group>"; };
		D9783F6D206E1AA9002ACEBF /* Base */ = {isa = PBXFileReference; lastKnownFileType = file.storyboard; name = Base; path = Base.lproj/LaunchScreen.storyboard; sourceTree = "<group>"; };
		D9783F6F206E1AA9002ACEBF /* Info.plist */ = {isa = PBXFileReference; lastKnownFileType = text.plist.xml; path = Info.plist; sourceTree = "<group>"; };
		D9783F70206E1AA9002ACEBF /* main.m */ = {isa = PBXFileReference; lastKnownFileType = sourcecode.c.objc; path = main.m; sourceTree = "<group>"; };
/* End PBXFileReference section */

/* Begin PBXFrameworksBuildPhase section */
		D9783F5B206E1AA9002ACEBF /* Frameworks */ = {
			isa = PBXFrameworksBuildPhase;
			buildActionMask = 2147483647;
			files = (
			);
			runOnlyForDeploymentPostprocessing = 0;
		};
/* End PBXFrameworksBuildPhase section */

/* Begin PBXGroup section */
		D9783F55206E1AA9002ACEBF = {
			isa = PBXGroup;
			children = (
				D9783F60206E1AA9002ACEBF /* IrregularLabel */,
				D9783F5F206E1AA9002ACEBF /* Products */,
			);
			sourceTree = "<group>";
		};
		D9783F5F206E1AA9002ACEBF /* Products */ = {
			isa = PBXGroup;
			children = (
				D9783F5E206E1AA9002ACEBF /* IrregularLabel.app */,
			);
			name = Products;
			sourceTree = "<group>";
		};
		D9783F60206E1AA9002ACEBF /* IrregularLabel */ = {
			isa = PBXGroup;
			children = (
				D9783F61206E1AA9002ACEBF /* AppDelegate.h */,
				D9783F62206E1AA9002ACEBF /* AppDelegate.m */,
				D9783F64206E1AA9002ACEBF /* ViewController.h */,
				D9783F65206E1AA9002ACEBF /* ViewController.m */,
				D9783F67206E1AA9002ACEBF /* Main.storyboard */,
				D9783F6A206E1AA9002ACEBF /* Assets.xcassets */,
				D9783F6C206E1AA9002ACEBF /* LaunchScreen.storyboard */,
				D9783F6F206E1AA9002ACEBF /* Info.plist */,
				D9783F70206E1AA9002ACEBF /* main.m */,
			);
			path = IrregularLabel;
			sourceTree = "<group>";
		};
/* End PBXGroup section */

/* Begin PBXNativeTarget section */
		D9783F5D206E1AA9002ACEBF /* IrregularLabel */ = {
			isa = PBXNativeTarget;
			buildConfigurationList = D9783F74206E1AA9002ACEBF /* Build configuration list for PBXNativeTarget "IrregularLabel" */;
			buildPhases = (
				D9783F5A206E1AA9002ACEBF /* Sources */,
				D9783F5B206E1AA9002ACEBF /* Frameworks */,
				D9783F5C206E1AA9002ACEBF /* Resources */,
			);
			buildRules = (
			);
			dependencies = (
			);
			name = IrregularLabel;
			productName = IrregularLabel;
			productReference = D9783F5E206E1AA9002ACEBF /* IrregularLabel.app */;
			productType = "com.apple.product-type.application";
		};
/* End PBXNativeTarget section */

/* Begin PBXProject section */
		D9783F56206E1AA9002ACEBF /* Project object */ = {
			isa = PBXProject;
			attributes = {
				LastUpgradeCheck = 0900;
				ORGANIZATIONNAME = kuaijiankang;
				TargetAttributes = {
					D9783F5D206E1AA9002ACEBF = {
						CreatedOnToolsVersion = 9.0;
						ProvisioningStyle = Automatic;
					};
				};
			};
			buildConfigurationList = D9783F59206E1AA9002ACEBF /* Build configuration list for PBXProject "IrregularLabel" */;
			compatibilityVersion = "Xcode 8.0";
			developmentRegion = en;
			hasScannedForEncodings = 0;
			knownRegions = (
				en,
				Base,
			);
			mainGroup = D9783F55206E1AA9002ACEBF;
			productRefGroup = D9783F5F206E1AA9002ACEBF /* Products */;
			projectDirPath = "";
			projectRoot = "";
			targets = (
				D9783F5D206E1AA9002ACEBF /* IrregularLabel */,
			);
		};
/* End PBXProject section */

/* Begin PBXResourcesBuildPhase section */
		D9783F5C206E1AA9002ACEBF /* Resources */ = {
			isa = PBXResourcesBuildPhase;
			buildActionMask = 2147483647;
			files = (
				D9783F6E206E1AA9002ACEBF /* LaunchScreen.storyboard in Resources */,
				D9783F6B206E1AA9002ACEBF /* Assets.xcassets in Resources */,
				D9783F69206E1AA9002ACEBF /* Main.storyboard in Resources */,
			);
			runOnlyForDeploymentPostprocessing = 0;
		};
/* End PBXResourcesBuildPhase section */

/* Begin PBXSourcesBuildPhase section */
		D9783F5A206E1AA9002ACEBF /* Sources */ = {
			isa = PBXSourcesBuildPhase;
			buildActionMask = 2147483647;
			files = (
				D9783F66206E1AA9002ACEBF /* ViewController.m in Sources */,
				D9783F71206E1AA9002ACEBF /* main.m in Sources */,
				D9783F63206E1AA9002ACEBF /* AppDelegate.m in Sources */,
			);
			runOnlyForDeploymentPostprocessing = 0;
		};
/* End PBXSourcesBuildPhase section */

/* Begin PBXVariantGroup section */
		D9783F67206E1AA9002ACEBF /* Main.storyboard */ = {
			isa = PBXVariantGroup;
			children = (
				D9783F68206E1AA9002ACEBF /* Base */,
			);
			name = Main.storyboard;
			sourceTree = "<group>";
		};
		D9783F6C206E1AA9002ACEBF /* LaunchScreen.storyboard */ = {
			isa = PBXVariantGroup;
			children = (
				D9783F6D206E1AA9002ACEBF /* Base */,
			);
			name = LaunchScreen.storyboard;
			sourceTree = "<group>";
		};
/* End PBXVariantGroup section */

/* Begin XCBuildConfiguration section */
		D9783F72206E1AA9002ACEBF /* Debug */ = {
			isa = XCBuildConfiguration;
			buildSettings = {
				ALWAYS_SEARCH_USER_PATHS = NO;
				CLANG_ANALYZER_NONNULL = YES;
				CLANG_ANALYZER_NUMBER_OBJECT_CONVERSION = YES_AGGRESSIVE;
				CLANG_CXX_LANGUAGE_STANDARD = "gnu++14";
				CLANG_CXX_LIBRARY = "libc++";
				CLANG_ENABLE_MODULES = YES;
				CLANG_ENABLE_OBJC_ARC = YES;
				CLANG_WARN_BLOCK_CAPTURE_AUTORELEASING = YES;
				CLANG_WARN_BOOL_CONVERSION = YES;
				CLANG_WARN_COMMA = YES;
				CLANG_WARN_CONSTANT_CONVERSION = YES;
				CLANG_WARN_DIRECT_OBJC_ISA_USAGE = YES_ERROR;
				CLANG_WARN_DOCUMENTATION_COMMENTS = YES;
				CLANG_WARN_EMPTY_BODY = YES;
				CLANG_WARN_ENUM_CONVERSION = YES;
				CLANG_WARN_INFINITE_RECURSION = YES;
				CLANG_WARN_INT_CONVERSION = YES;
				CLANG_WARN_NON_LITERAL_NULL_CONVERSION = YES;
				CLANG_WARN_OBJC_LITERAL_CONVERSION = YES;
				CLANG_WARN_OBJC_ROOT_CLASS = YES_ERROR;
				CLANG_WARN_RANGE_LOOP_ANALYSIS = YES;
				CLANG_WARN_STRICT_PROTOTYPES = YES;
				CLANG_WARN_SUSPICIOUS_MOVE = YES;
				CLANG_WARN_UNGUARDED_AVAILABILITY = YES_AGGRESSIVE;
				CLANG_WARN_UNREACHABLE_CODE = YES;
				CLANG_WARN__DUPLICATE_METHOD_MATCH = YES;
				CODE_SIGN_IDENTITY = "iPhone Developer";
				COPY_PHASE_STRIP = NO;
				DEBUG_INFORMATION_FORMAT = dwarf;
				ENABLE_STRICT_OBJC_MSGSEND = YES;
				ENABLE_TESTABILITY = YES;
				GCC_C_LANGUAGE_STANDARD = gnu11;
				GCC_DYNAMIC_NO_PIC = NO;
				GCC_NO_COMMON_BLOCKS = YES;
				GCC_OPTIMIZATION_LEVEL = 0;
				GCC_PREPROCESSOR_DEFINITIONS = (
					"DEBUG=1",
					"$(inherited)",
				);
				GCC_WARN_64_TO_32_BIT_CONVERSION = YES;
				GCC_WARN_ABOUT_RETURN_TYPE = YES_ERROR;
				GCC_WARN_UNDECLARED_SELECTOR = YES;
				GCC_WARN_UNINITIALIZED_AUTOS = YES_AGGRESSIVE;
				GCC_WARN_UNUSED_FUNCTION = YES;
				GCC_WARN_UNUSED_VARIABLE = YES;
				IPHONEOS_DEPLOYMENT_TARGET = 11.0;
				MTL_ENABLE_DEBUG_INFO = YES;
				ONLY_ACTIVE_ARCH = YES;
				SDKROOT = iphoneos;
			};
			name = Debug;
		};
		D9783F73206E1AA9002ACEBF /* Release */ = {
			isa = XCBuildConfiguration;
			buildSettings = {
				ALWAYS_SEARCH_USER_PATHS = NO;
				CLANG_ANALYZER_NONNULL = YES;
				CLANG_ANALYZER_NUMBER_OBJECT_CONVERSION = YES_AGGRESSIVE;
				CLANG_CXX_LANGUAGE_STANDARD = "gnu++14";
				CLANG_CXX_LIBRARY = "libc++";
				CLANG_ENABLE_MODULES = YES;
				CLANG_ENABLE_OBJC_ARC = YES;
				CLANG_WARN_BLOCK_CAPTURE_AUTORELEASING = YES;
				CLANG_WARN_BOOL_CONVERSION = YES;
				CLANG_WARN_COMMA = YES;
				CLANG_WARN_CONSTANT_CONVERSION = YES;
				CLANG_WARN_DIRECT_OBJC_ISA_USAGE = YES_ERROR;
				CLANG_WARN_DOCUMENTATION_COMMENTS = YES;
				CLANG_WARN_EMPTY_BODY = YES;
				CLANG_WARN_ENUM_CONVERSION = YES;
				CLANG_WARN_INFINITE_RECURSION = YES;
				CLANG_WARN_INT_CONVERSION = YES;
				CLANG_WARN_NON_LITERAL_NULL_CONVERSION = YES;
				CLANG_WARN_OBJC_LITERAL_CONVERSION = YES;
				CLANG_WARN_OBJC_ROOT_CLASS = YES_ERROR;
				CLANG_WARN_RANGE_LOOP_ANALYSIS = YES;
				CLANG_WARN_STRICT_PROTOTYPES = YES;
				CLANG_WARN_SUSPICIOUS_MOVE = YES;
				CLANG_WARN_UNGUARDED_AVAILABILITY = YES_AGGRESSIVE;
				CLANG_WARN_UNREACHABLE_CODE = YES;
				CLANG_WARN__DUPLICATE_METHOD_MATCH = YES;
				CODE_SIGN_IDENTITY = "iPhone Developer";
				COPY_PHASE_STRIP = NO;
				DEBUG_INFORMATION_FORMAT = "dwarf-with-dsym";
				ENABLE_NS_ASSERTIONS = NO;
				ENABLE_STRICT_OBJC_MSGSEND = YES;
				GCC_C_LANGUAGE_STANDARD = gnu11;
				GCC_NO_COMMON_BLOCKS = YES;
				GCC_WARN_64_TO_32_BIT_CONVERSION = YES;
				GCC_WARN_ABOUT_RETURN_TYPE = YES_ERROR;
				GCC_WARN_UNDECLARED_SELECTOR = YES;
				GCC_WARN_UNINITIALIZED_AUTOS = YES_AGGRESSIVE;
				GCC_WARN_UNUSED_FUNCTION = YES;
				GCC_WARN_UNUSED_VARIABLE = YES;
				IPHONEOS_DEPLOYMENT_TARGET = 11.0;
				MTL_ENABLE_DEBUG_INFO = NO;
				SDKROOT = iphoneos;
				VALIDATE_PRODUCT = YES;
			};
			name = Release;
		};
		D9783F75206E1AA9002ACEBF /* Debug */ = {
			isa = XCBuildConfiguration;
			buildSettings = {
				ASSETCATALOG_COMPILER_APPICON_NAME = AppIcon;
				CODE_SIGN_STYLE = Automatic;
				DEVELOPMENT_TEAM = 4J5JWPJ294;
				INFOPLIST_FILE = IrregularLabel/Info.plist;
				LD_RUNPATH_SEARCH_PATHS = "$(inherited) @executable_path/Frameworks";
				PRODUCT_BUNDLE_IDENTIFIER = KuaiJianKang.IrregularLabel;
				PRODUCT_NAME = "$(TARGET_NAME)";
				TARGETED_DEVICE_FAMILY = "1,2";
			};
			name = Debug;
		};
		D9783F76206E1AA9002ACEBF /* Release */ = {
			isa = XCBuildConfiguration;
			buildSettings = {
				ASSETCATALOG_COMPILER_APPICON_NAME = AppIcon;
				CODE_SIGN_STYLE = Automatic;
				DEVELOPMENT_TEAM = 4J5JWPJ294;
				INFOPLIST_FILE = IrregularLabel/Info.plist;
				LD_RUNPATH_SEARCH_PATHS = "$(inherited) @executable_path/Frameworks";
				PRODUCT_BUNDLE_IDENTIFIER = KuaiJianKang.IrregularLabel;
				PRODUCT_NAME = "$(TARGET_NAME)";
				TARGETED_DEVICE_FAMILY = "1,2";
			};
			name = Release;
		};
/* End XCBuildConfiguration section */

/* Begin XCConfigurationList section */
		D9783F59206E1AA9002ACEBF /* Build configuration list for PBXProject "IrregularLabel" */ = {
			isa = XCConfigurationList;
			buildConfigurations = (
				D9783F72206E1AA9002ACEBF /* Debug */,
				D9783F73206E1AA9002ACEBF /* Release */,
			);
			defaultConfigurationIsVisible = 0;
			defaultConfigurationName = Release;
		};
		D9783F74206E1AA9002ACEBF /* Build configuration list for PBXNativeTarget "IrregularLabel" */ = {
			isa = XCConfigurationList;
			buildConfigurations = (
				D9783F75206E1AA9002ACEBF /* Debug */,
				D9783F76206E1AA9002ACEBF /* Release */,
			);
			defaultConfigurationIsVisible = 0;
			defaultConfigurationName = Release;
		};
/* End XCConfigurationList section */
	};
	rootObject = D9783F56206E1AA9002ACEBF /* Project object */;
}
